
Microsoft Visual Studio Solution File, Format Version 12.00
# Visual Studio 15
VisualStudioVersion = 15.0.26124.0
MinimumVisualStudioVersion = 15.0.26124.0
Project("{9A19103F-16F7-4668-BE54-9A1E7A4F7556}") = "R5T.Macommania.Default.Construction", "R5T.Macommania.Default.Construction\R5T.Macommania.Default.Construction.csproj", "{A1BBE878-C405-46C0-ADA5-C69DD7A5989A}"
EndProject
Project("{9A19103F-16F7-4668-BE54-9A1E7A4F7556}") = "R5T.Macommania.Default", "R5T.Macommania.Default\R5T.Macommania.Default.csproj", "{F0C440DD-0B8C-4A9B-B18A-D80940117D74}"
EndProject
Project("{9A19103F-16F7-4668-BE54-9A1E7A4F7556}") = "R5T.Macommania.Default.Testing", "R5T.Macommania.Default.Testing\R5T.Macommania.Default.Testing.csproj", "{3FC587D8-EE00-44BA-8E4C-15421CE036D1}"
EndProject
Project("{2150E333-8FDC-42A3-9474-1A3956D46DE8}") = "_Dependencies", "_Dependencies", "{62B89E58-8554-447F-86BE-AE0419B09C30}"
EndProject
Project("{9A19103F-16F7-4668-BE54-9A1E7A4F7556}") = "R5T.Macommania.Base", "..\..\R5T.Macommania.Base\source\R5T.Macommania.Base\R5T.Macommania.Base.csproj", "{3E28C838-D1BA-417B-BA4B-4EB302F4BD68}"
EndProject
Project("{9A19103F-16F7-4668-BE54-9A1E7A4F7556}") = "R5T.Lombardy.Base", "..\..\R5T.Lombardy.Base\source\R5T.Lombardy.Base\R5T.Lombardy.Base.csproj", "{62162785-6136-42C4-952C-0517B1AE9990}"
EndProject
Project("{9A19103F-16F7-4668-BE54-9A1E7A4F7556}") = "R5T.Dacia", "..\..\R5T.Dacia\source\R5T.Dacia\R5T.Dacia.csproj", "{510B234E-CAB0-4E75-AE58-82AF61913724}"
EndProject
Project("{9A19103F-16F7-4668-BE54-9A1E7A4F7556}") = "R5T.Dacia.Extensions", "..\..\R5T.Dacia.Extensions\source\R5T.Dacia.Extensions\R5T.Dacia.Extensions.csproj", "{F374DBFB-6959-49AA-BABA-37BE1DCAAD12}"
EndProject
Project("{9A19103F-16F7-4668-BE54-9A1E7A4F7556}") = "R5T.Magyar", "..\..\R5T.Magyar\source\R5T.Magyar\R5T.Magyar.csproj", "{2AF489B8-4074-4189-B895-D49E37BE1DEC}"
EndProject
Project("{9A19103F-16F7-4668-BE54-9A1E7A4F7556}") = "R5T.T0064", "..\..\R5T.T0064\source\R5T.T0064\R5T.T0064.csproj", "{438C2B01-46CA-4DD1-816F-4ED1A69BC43B}"
EndProject
Global
	GlobalSection(SolutionConfigurationPlatforms) = preSolution
		Debug|Any CPU = Debug|Any CPU
		Debug|x64 = Debug|x64
		Debug|x86 = Debug|x86
		Release|Any CPU = Release|Any CPU
		Release|x64 = Release|x64
		Release|x86 = Release|x86
	EndGlobalSection
	GlobalSection(ProjectConfigurationPlatforms) = postSolution
		{A1BBE878-C405-46C0-ADA5-C69DD7A5989A}.Debug|Any CPU.ActiveCfg = Debug|Any CPU
		{A1BBE878-C405-46C0-ADA5-C69DD7A5989A}.Debug|Any CPU.Build.0 = Debug|Any CPU
		{A1BBE878-C405-46C0-ADA5-C69DD7A5989A}.Debug|x64.ActiveCfg = Debug|Any CPU
		{A1BBE878-C405-46C0-ADA5-C69DD7A5989A}.Debug|x64.Build.0 = Debug|Any CPU
		{A1BBE878-C405-46C0-ADA5-C69DD7A5989A}.Debug|x86.ActiveCfg = Debug|Any CPU
		{A1BBE878-C405-46C0-ADA5-C69DD7A5989A}.Debug|x86.Build.0 = Debug|Any CPU
		{A1BBE878-C405-46C0-ADA5-C69DD7A5989A}.Release|Any CPU.ActiveCfg = Release|Any CPU
		{A1BBE878-C405-46C0-ADA5-C69DD7A5989A}.Release|Any CPU.Build.0 = Release|Any CPU
		{A1BBE878-C405-46C0-ADA5-C69DD7A5989A}.Release|x64.ActiveCfg = Release|Any CPU
		{A1BBE878-C405-46C0-ADA5-C69DD7A5989A}.Release|x64.Build.0 = Release|Any CPU
		{A1BBE878-C405-46C0-ADA5-C69DD7A5989A}.Release|x86.ActiveCfg = Release|Any CPU
		{A1BBE878-C405-46C0-ADA5-C69DD7A5989A}.Release|x86.Build.0 = Release|Any CPU
		{F0C440DD-0B8C-4A9B-B18A-D80940117D74}.Debug|Any CPU.ActiveCfg = Debug|Any CPU
		{F0C440DD-0B8C-4A9B-B18A-D80940117D74}.Debug|Any CPU.Build.0 = Debug|Any CPU
		{F0C440DD-0B8C-4A9B-B18A-D80940117D74}.Debug|x64.ActiveCfg = Debug|Any CPU
		{F0C440DD-0B8C-4A9B-B18A-D80940117D74}.Debug|x64.Build.0 = Debug|Any CPU
		{F0C440DD-0B8C-4A9B-B18A-D80940117D74}.Debug|x86.ActiveCfg = Debug|Any CPU
		{F0C440DD-0B8C-4A9B-B18A-D80940117D74}.Debug|x86.Build.0 = Debug|Any CPU
		{F0C440DD-0B8C-4A9B-B18A-D80940117D74}.Release|Any CPU.ActiveCfg = Release|Any CPU
		{F0C440DD-0B8C-4A9B-B18A-D80940117D74}.Release|Any CPU.Build.0 = Release|Any CPU
		{F0C440DD-0B8C-4A9B-B18A-D80940117D74}.Release|x64.ActiveCfg = Release|Any CPU
		{F0C440DD-0B8C-4A9B-B18A-D80940117D74}.Release|x64.Build.0 = Release|Any CPU
		{F0C440DD-0B8C-4A9B-B18A-D80940117D74}.Release|x86.ActiveCfg = Release|Any CPU
		{F0C440DD-0B8C-4A9B-B18A-D80940117D74}.Release|x86.Build.0 = Release|Any CPU
		{3FC587D8-EE00-44BA-8E4C-15421CE036D1}.Debug|Any CPU.ActiveCfg = Debug|Any CPU
		{3FC587D8-EE00-44BA-8E4C-15421CE036D1}.Debug|Any CPU.Build.0 = Debug|Any CPU
		{3FC587D8-EE00-44BA-8E4C-15421CE036D1}.Debug|x64.ActiveCfg = Debug|Any CPU
		{3FC587D8-EE00-44BA-8E4C-15421CE036D1}.Debug|x64.Build.0 = Debug|Any CPU
		{3FC587D8-EE00-44BA-8E4C-15421CE036D1}.Debug|x86.ActiveCfg = Debug|Any CPU
		{3FC587D8-EE00-44BA-8E4C-15421CE036D1}.Debug|x86.Build.0 = Debug|Any CPU
		{3FC587D8-EE00-44BA-8E4C-15421CE036D1}.Release|Any CPU.ActiveCfg = Release|Any CPU
		{3FC587D8-EE00-44BA-8E4C-15421CE036D1}.Release|Any CPU.Build.0 = Release|Any CPU
		{3FC587D8-EE00-44BA-8E4C-15421CE036D1}.Release|x64.ActiveCfg = Release|Any CPU
		{3FC587D8-EE00-44BA-8E4C-15421CE036D1}.Release|x64.Build.0 = Release|Any CPU
		{3FC587D8-EE00-44BA-8E4C-15421CE036D1}.Release|x86.ActiveCfg = Release|Any CPU
		{3FC587D8-EE00-44BA-8E4C-15421CE036D1}.Release|x86.Build.0 = Release|Any CPU
		{3E28C838-D1BA-417B-BA4B-4EB302F4BD68}.Debug|Any CPU.ActiveCfg = Debug|Any CPU
		{3E28C838-D1BA-417B-BA4B-4EB302F4BD68}.Debug|Any CPU.Build.0 = Debug|Any CPU
		{3E28C838-D1BA-417B-BA4B-4EB302F4BD68}.Debug|x64.ActiveCfg = Debug|Any CPU
		{3E28C838-D1BA-417B-BA4B-4EB302F4BD68}.Debug|x64.Build.0 = Debug|Any CPU
		{3E28C838-D1BA-417B-BA4B-4EB302F4BD68}.Debug|x86.ActiveCfg = Debug|Any CPU
		{3E28C838-D1BA-417B-BA4B-4EB302F4BD68}.Debug|x86.Build.0 = Debug|Any CPU
		{3E28C838-D1BA-417B-BA4B-4EB302F4BD68}.Release|Any CPU.ActiveCfg = Release|Any CPU
		{3E28C838-D1BA-417B-BA4B-4EB302F4BD68}.Release|Any CPU.Build.0 = Release|Any CPU
		{3E28C838-D1BA-417B-BA4B-4EB302F4BD68}.Release|x64.ActiveCfg = Release|Any CPU
		{3E28C838-D1BA-417B-BA4B-4EB302F4BD68}.Release|x64.Build.0 = Release|Any CPU
		{3E28C838-D1BA-417B-BA4B-4EB302F4BD68}.Release|x86.ActiveCfg = Release|Any CPU
		{3E28C838-D1BA-417B-BA4B-4EB302F4BD68}.Release|x86.Build.0 = Release|Any CPU
		{62162785-6136-42C4-952C-0517B1AE9990}.Debug|Any CPU.ActiveCfg = Debug|Any CPU
		{62162785-6136-42C4-952C-0517B1AE9990}.Debug|Any CPU.Build.0 = Debug|Any CPU
		{62162785-6136-42C4-952C-0517B1AE9990}.Debug|x64.ActiveCfg = Debug|Any CPU
		{62162785-6136-42C4-952C-0517B1AE9990}.Debug|x64.Build.0 = Debug|Any CPU
		{62162785-6136-42C4-952C-0517B1AE9990}.Debug|x86.ActiveCfg = Debug|Any CPU
		{62162785-6136-42C4-952C-0517B1AE9990}.Debug|x86.Build.0 = Debug|Any CPU
		{62162785-6136-42C4-952C-0517B1AE9990}.Release|Any CPU.ActiveCfg = Release|Any CPU
		{62162785-6136-42C4-952C-0517B1AE9990}.Release|Any CPU.Build.0 = Release|Any CPU
		{62162785-6136-42C4-952C-0517B1AE9990}.Release|x64.ActiveCfg = Release|Any CPU
		{62162785-6136-42C4-952C-0517B1AE9990}.Release|x64.Build.0 = Release|Any CPU
		{62162785-6136-42C4-952C-0517B1AE9990}.Release|x86.ActiveCfg = Release|Any CPU
		{62162785-6136-42C4-952C-0517B1AE9990}.Release|x86.Build.0 = Release|Any CPU
		{510B234E-CAB0-4E75-AE58-82AF61913724}.Debug|Any CPU.ActiveCfg = Debug|Any CPU
		{510B234E-CAB0-4E75-AE58-82AF61913724}.Debug|Any CPU.Build.0 = Debug|Any CPU
		{510B234E-CAB0-4E75-AE58-82AF61913724}.Debug|x64.ActiveCfg = Debug|Any CPU
		{510B234E-CAB0-4E75-AE58-82AF61913724}.Debug|x64.Build.0 = Debug|Any CPU
		{510B234E-CAB0-4E75-AE58-82AF61913724}.Debug|x86.ActiveCfg = Debug|Any CPU
		{510B234E-CAB0-4E75-AE58-82AF61913724}.Debug|x86.Build.0 = Debug|Any CPU
		{510B234E-CAB0-4E75-AE58-82AF61913724}.Release|Any CPU.ActiveCfg = Release|Any CPU
		{510B234E-CAB0-4E75-AE58-82AF61913724}.Release|Any CPU.Build.0 = Release|Any CPU
		{510B234E-CAB0-4E75-AE58-82AF61913724}.Release|x64.ActiveCfg = Release|Any CPU
		{510B234E-CAB0-4E75-AE58-82AF61913724}.Release|x64.Build.0 = Release|Any CPU
		{510B234E-CAB0-4E75-AE58-82AF61913724}.Release|x86.ActiveCfg = Release|Any CPU
		{510B234E-CAB0-4E75-AE58-82AF61913724}.Release|x86.Build.0 = Release|Any CPU
		{F374DBFB-6959-49AA-BABA-37BE1DCAAD12}.Debug|Any CPU.ActiveCfg = Debug|Any CPU
		{F374DBFB-6959-49AA-BABA-37BE1DCAAD12}.Debug|Any CPU.Build.0 = Debug|Any CPU
		{F374DBFB-6959-49AA-BABA-37BE1DCAAD12}.Debug|x64.ActiveCfg = Debug|Any CPU
		{F374DBFB-6959-49AA-BABA-37BE1DCAAD12}.Debug|x64.Build.0 = Debug|Any CPU
		{F374DBFB-6959-49AA-BABA-37BE1DCAAD12}.Debug|x86.ActiveCfg = Debug|Any CPU
		{F374DBFB-6959-49AA-BABA-37BE1DCAAD12}.Debug|x86.Build.0 = Debug|Any CPU
		{F374DBFB-6959-49AA-BABA-37BE1DCAAD12}.Release|Any CPU.ActiveCfg = Release|Any CPU
		{F374DBFB-6959-49AA-BABA-37BE1DCAAD12}.Release|Any CPU.Build.0 = Release|Any CPU
		{F374DBFB-6959-49AA-BABA-37BE1DCAAD12}.Release|x64.ActiveCfg = Release|Any CPU
		{F374DBFB-6959-49AA-BABA-37BE1DCAAD12}.Release|x64.Build.0 = Release|Any CPU
		{F374DBFB-6959-49AA-BABA-37BE1DCAAD12}.Release|x86.ActiveCfg = Release|Any CPU
		{F374DBFB-6959-49AA-BABA-37BE1DCAAD12}.Release|x86.Build.0 = Release|Any CPU
		{2AF489B8-4074-4189-B895-D49E37BE1DEC}.Debug|Any CPU.ActiveCfg = Debug|Any CPU
		{2AF489B8-4074-4189-B895-D49E37BE1DEC}.Debug|Any CPU.Build.0 = Debug|Any CPU
		{2AF489B8-4074-4189-B895-D49E37BE1DEC}.Debug|x64.ActiveCfg = Debug|Any CPU
		{2AF489B8-4074-4189-B895-D49E37BE1DEC}.Debug|x64.Build.0 = Debug|Any CPU
		{2AF489B8-4074-4189-B895-D49E37BE1DEC}.Debug|x86.ActiveCfg = Debug|Any CPU
		{2AF489B8-4074-4189-B895-D49E37BE1DEC}.Debug|x86.Build.0 = Debug|Any CPU
		{2AF489B8-4074-4189-B895-D49E37BE1DEC}.Release|Any CPU.ActiveCfg = Release|Any CPU
		{2AF489B8-4074-4189-B895-D49E37BE1DEC}.Release|Any CPU.Build.0 = Release|Any CPU
		{2AF489B8-4074-4189-B895-D49E37BE1DEC}.Release|x64.ActiveCfg = Release|Any CPU
		{2AF489B8-4074-4189-B895-D49E37BE1DEC}.Release|x64.Build.0 = Release|Any CPU
		{2AF489B8-4074-4189-B895-D49E37BE1DEC}.Release|x86.ActiveCfg = Release|Any CPU
		{2AF489B8-4074-4189-B895-D49E37BE1DEC}.Release|x86.Build.0 = Release|Any CPU
		{438C2B01-46CA-4DD1-816F-4ED1A69BC43B}.Debug|Any CPU.ActiveCfg = Debug|Any CPU
		{438C2B01-46CA-4DD1-816F-4ED1A69BC43B}.Debug|Any CPU.Build.0 = Debug|Any CPU
		{438C2B01-46CA-4DD1-816F-4ED1A69BC43B}.Debug|x64.ActiveCfg = Debug|Any CPU
		{438C2B01-46CA-4DD1-816F-4ED1A69BC43B}.Debug|x64.Build.0 = Debug|Any CPU
		{438C2B01-46CA-4DD1-816F-4ED1A69BC43B}.Debug|x86.ActiveCfg = Debug|Any CPU
		{438C2B01-46CA-4DD1-816F-4ED1A69BC43B}.Debug|x86.Build.0 = Debug|Any CPU
		{438C2B01-46CA-4DD1-816F-4ED1A69BC43B}.Release|Any CPU.ActiveCfg = Release|Any CPU
		{438C2B01-46CA-4DD1-816F-4ED1A69BC43B}.Release|Any CPU.Build.0 = Release|Any CPU
		{438C2B01-46CA-4DD1-816F-4ED1A69BC43B}.Release|x64.ActiveCfg = Release|Any CPU
		{438C2B01-46CA-4DD1-816F-4ED1A69BC43B}.Release|x64.Build.0 = Release|Any CPU
		{438C2B01-46CA-4DD1-816F-4ED1A69BC43B}.Release|x86.ActiveCfg = Release|Any CPU
		{438C2B01-46CA-4DD1-816F-4ED1A69BC43B}.Release|x86.Build.0 = Release|Any CPU
	EndGlobalSection
	GlobalSection(SolutionProperties) = preSolution
		HideSolutionNode = FALSE
	EndGlobalSection
	GlobalSection(NestedProjects) = preSolution
		{3E28C838-D1BA-417B-BA4B-4EB302F4BD68} = {62B89E58-8554-447F-86BE-AE0419B09C30}
		{62162785-6136-42C4-952C-0517B1AE9990} = {62B89E58-8554-447F-86BE-AE0419B09C30}
		{510B234E-CAB0-4E75-AE58-82AF61913724} = {62B89E58-8554-447F-86BE-AE0419B09C30}
		{F374DBFB-6959-49AA-BABA-37BE1DCAAD12} = {62B89E58-8554-447F-86BE-AE0419B09C30}
		{2AF489B8-4074-4189-B895-D49E37BE1DEC} = {62B89E58-8554-447F-86BE-AE0419B09C30}
		{438C2B01-46CA-4DD1-816F-4ED1A69BC43B} = {62B89E58-8554-447F-86BE-AE0419B09C30}
	EndGlobalSection
	GlobalSection(ExtensibilityGlobals) = postSolution
		SolutionGuid = {E8D3F30A-87DE-4691-9525-53F98D3C5176}
	EndGlobalSection
EndGlobal
